{
  "name": "boxifykh-app",
  "version": "1.0.0",
  "lockfileVersion": 3,
  "requires": true,
  "packages": {
    "": {
      "name": "boxifykh-app",
      "version": "1.0.0",
      "license": "ISC",
      "devDependencies": {
        "axios": "^1.1.2",
        "laravel-vite-plugin": "^0.7.2",
        "lodash": "^4.17.19",
        "postcss": "^8.1.14",
        "vite": "^4.0.0"
      }
    }
  }
}
